github.com/go-logr/logr v1.2.4 h1:g01GSCwiDw2xSZfjJ2/T9M+S6pFdcNtFYsp+Y43HYDQ=
github.com/go-skynet/go-llama.cpp v0.0.0-20230620192753-7a36befaece1 h1:UQ8y3kHxBgh3BnaW06y/X97fEN48yHPwWobMz8/aztU=
github.com/go-skynet/go-llama.cpp v0.0.0-20230620192753-7a36befaece1/go.mod h1:tzi97YvT1bVQ+iTG39LvpDkKG1WbizgtljC+orSoM40=
github.com/go-task/slim-sprig v0.0.0-20230315185526-52ccab3ef572 h1:tfuBGBXKqDEevZMzYi5KSi8KkcZtzBcTgAUUtapy0OI=
github.com/google/go-cmp v0.5.9 h1:O2Tfq5qg4qc4AmwVlvv0oLiVAGB7enBSJ2x2DqQFi38=
github.com/google/pprof v0.0.0-20210407192527-94a9f03dee38 h1:yAJXTCF9TqKcTiHJAE8dj7HMvPfh66eeA2JYW7eFpSE=
github.com/onsi/ginkgo/v2 v2.11.0 h1:WgqUCUt/lT6yXoQ8Wef0fsNn5cAuMK7+KT9UFRz2tcU=
github.com/onsi/gomega v1.27.8 h1:gegWiwZjBsf2DgiSbf5hpokZ98JVDMcWkUiigk6/KXc=
github.com/sashabaranov/go-openai v1.11.3 h1:bvwWF8hj4UhPlswBdL9/IfOpaHXfzGCJO8WY8ml9sGc=
github.com/sashabaranov/go-openai v1.11.3/go.mod h1:lj5b/K+zjTSFxVLijLSTDZuP7adOgerWeFyZLUhAKRg=
golang.org/x/net v0.10.0 h1:X2//UzNDwYmtCLn7To6G58Wr6f5ahEAQgKNzv9Y951M=
golang.org/x/sys v0.9.0 h1:KS/R3tvhPqvJvwcKfnBHJwwthS11LRhmM5D59eEXa0s=
golang.org/x/text v0.9.0 h1:2sjJmO8cDvYveuX97RDLsxlyUxLl+GHoLxBiRdHllBE=
golang.org/x/tools v0.9.3 h1:Gn1I8+64MsuTb/HpH+LmQtNas23LhUVr3rYZ0eKuaMM=
gopkg.in/yaml.v3 v3.0.1 h1:fxVm/GzAzEWqLHuvctI91KS9hhNmmWOoWu0XTYJS7CA=
