{
  "version": 4,
  "terraform_version": "1.14.3",
  "serial": 31,
  "lineage": "b2f3f9e3-de47-11f5-d131-445eaa0fddb5",
  "outputs": {
    "bootstrap_status": {
      "value": "Ready for execution",
      "type": "string"
    },
    "github_actions_sa": {
      "value": "github-actions-lz-onboard@gcp-eiq.iam.gserviceaccount.com",
      "type": "string"
    },
    "kms_key_ring": {
      "value": "projects/gcp-eiq/locations/us-central1/keyRings/gcp-eiq-keyring",
      "type": "string"
    },
    "state_bucket": {
      "value": "gcp-eiq-tf-state",
      "type": "string"
    }
  },
  "resources": [
    {
      "mode": "data",
      "type": "google_storage_project_service_account",
      "name": "gcs_account",
      "provider": "provider[\"registry.terraform.io/hashicorp/google\"]",
      "instances": [
        {
          "schema_version": 0,
          "attributes": {
            "email_address": "service-1025559705580@gs-project-accounts.iam.gserviceaccount.com",
            "id": "service-1025559705580@gs-project-accounts.iam.gserviceaccount.com",
            "member": "serviceAccount:service-1025559705580@gs-project-accounts.iam.gserviceaccount.com",
            "project": "gcp-eiq",
            "user_project": null
          },
          "sensitive_attributes": [],
          "identity_schema_version": 0
        }
      ]
    },
    {
      "mode": "managed",
      "type": "google_iam_workload_identity_pool",
      "name": "github_pool",
      "provider": "provider[\"registry.terraform.io/hashicorp/google\"]",
      "instances": [
        {
          "schema_version": 0,
          "attributes": {
            "description": "Identity pool for GitHub Actions authentication",
            "disabled": false,
            "display_name": "GitHub Actions Pool",
            "id": "projects/gcp-eiq/locations/global/workloadIdentityPools/github-actions-pool-ollama",
            "name": "projects/1025559705580/locations/global/workloadIdentityPools/github-actions-pool-ollama",
            "project": "gcp-eiq",
            "state": "ACTIVE",
            "timeouts": null,
            "workload_identity_pool_id": "github-actions-pool-ollama"
          },
          "sensitive_attributes": [],
          "identity_schema_version": 0,
          "private": "eyJlMmJmYjczMC1lY2FhLTExZTYtOGY4OC0zNDM2M2JjN2M0YzAiOnsiY3JlYXRlIjoxMjAwMDAwMDAwMDAwLCJkZWxldGUiOjEyMDAwMDAwMDAwMDAsInVwZGF0ZSI6MTIwMDAwMDAwMDAwMH19",
          "dependencies": [
            "google_project_service.services"
          ]
        }
      ]
    },
    {
      "mode": "managed",
      "type": "google_iam_workload_identity_pool_provider",
      "name": "github_provider",
      "provider": "provider[\"registry.terraform.io/hashicorp/google\"]",
      "instances": [
        {
          "schema_version": 0,
          "attributes": {
            "attribute_condition": "assertion.repository_owner == 'kushin77'",
            "attribute_mapping": {
              "attribute.actor": "assertion.actor",
              "attribute.repository": "assertion.repository",
              "attribute.repository_owner": "assertion.repository_owner",
              "google.subject": "assertion.sub"
            },
            "aws": [],
            "description": "",
            "disabled": false,
            "display_name": "GitHub Provider",
            "id": "projects/gcp-eiq/locations/global/workloadIdentityPools/github-actions-pool-ollama/providers/github-provider",
            "name": "projects/1025559705580/locations/global/workloadIdentityPools/github-actions-pool-ollama/providers/github-provider",
            "oidc": [
              {
                "allowed_audiences": null,
                "issuer_uri": "https://token.actions.githubusercontent.com",
                "jwks_json": ""
              }
            ],
            "project": "gcp-eiq",
            "saml": [],
            "state": "ACTIVE",
            "timeouts": null,
            "workload_identity_pool_id": "github-actions-pool-ollama",
            "workload_identity_pool_provider_id": "github-provider",
            "x509": []
          },
          "sensitive_attributes": [],
          "identity_schema_version": 0,
          "private": "eyJlMmJmYjczMC1lY2FhLTExZTYtOGY4OC0zNDM2M2JjN2M0YzAiOnsiY3JlYXRlIjoxMjAwMDAwMDAwMDAwLCJkZWxldGUiOjEyMDAwMDAwMDAwMDAsInVwZGF0ZSI6MTIwMDAwMDAwMDAwMH19",
          "dependencies": [
            "google_iam_workload_identity_pool.github_pool",
            "google_project_service.services"
          ]
        }
      ]
    },
    {
      "mode": "managed",
      "type": "google_kms_crypto_key",
      "name": "app_key",
      "provider": "provider[\"registry.terraform.io/hashicorp/google\"]",
      "instances": [
        {
          "schema_version": 1,
          "attributes": {
            "crypto_key_backend": "",
            "destroy_scheduled_duration": "2592000s",
            "effective_labels": {
              "auto_delete": "false",
              "backup_strategy": "daily",
              "budget_owner": "akushnir-elevatediq-ai",
              "chargeback_unit": "ai-division",
              "compliance": "none",
              "component": "inference-engine",
              "cost_center": "ai-eng-001",
              "created_by": "akushnir-elevatediq-ai",
              "created_date": "2026-01-14",
              "environment": "development",
              "git_branch": "main",
              "git_repository": "github-com-kushin77-ollama",
              "goog-terraform-provisioned": "true",
              "lifecycle_state": "active",
              "managed_by": "terraform",
              "monitoring_enabled": "true",
              "monthly_budget_usd": "500",
              "product": "ollama",
              "project_code": "ollama-2026-001",
              "retention_days": "365",
              "stack": "python-3-11-fastapi",
              "team": "ai-infrastructure",
              "teardown_date": "none",
              "tier": "high",
              "version": "0-1-0"
            },
            "id": "projects/gcp-eiq/locations/us-central1/keyRings/gcp-eiq-keyring/cryptoKeys/app-data-key",
            "import_only": false,
            "key_ring": "projects/gcp-eiq/locations/us-central1/keyRings/gcp-eiq-keyring",
            "labels": {
              "auto_delete": "false",
              "backup_strategy": "daily",
              "budget_owner": "akushnir-elevatediq-ai",
              "chargeback_unit": "ai-division",
              "compliance": "none",
              "component": "inference-engine",
              "cost_center": "ai-eng-001",
              "created_by": "akushnir-elevatediq-ai",
              "created_date": "2026-01-14",
              "environment": "development",
              "git_branch": "main",
              "git_repository": "github-com-kushin77-ollama",
              "lifecycle_state": "active",
              "managed_by": "terraform",
              "monitoring_enabled": "true",
              "monthly_budget_usd": "500",
              "product": "ollama",
              "project_code": "ollama-2026-001",
              "retention_days": "365",
              "stack": "python-3-11-fastapi",
              "team": "ai-infrastructure",
              "teardown_date": "none",
              "tier": "high",
              "version": "0-1-0"
            },
            "name": "app-data-key",
            "primary": [
              {
                "name": "projects/gcp-eiq/locations/us-central1/keyRings/gcp-eiq-keyring/cryptoKeys/app-data-key/cryptoKeyVersions/1",
                "state": "ENABLED"
              }
            ],
            "purpose": "ENCRYPT_DECRYPT",
            "rotation_period": "",
            "skip_initial_version_creation": false,
            "terraform_labels": {
              "auto_delete": "false",
              "backup_strategy": "daily",
              "budget_owner": "akushnir-elevatediq-ai",
              "chargeback_unit": "ai-division",
              "compliance": "none",
              "component": "inference-engine",
              "cost_center": "ai-eng-001",
              "created_by": "akushnir-elevatediq-ai",
              "created_date": "2026-01-14",
              "environment": "development",
              "git_branch": "main",
              "git_repository": "github-com-kushin77-ollama",
              "goog-terraform-provisioned": "true",
              "lifecycle_state": "active",
              "managed_by": "terraform",
              "monitoring_enabled": "true",
              "monthly_budget_usd": "500",
              "product": "ollama",
              "project_code": "ollama-2026-001",
              "retention_days": "365",
              "stack": "python-3-11-fastapi",
              "team": "ai-infrastructure",
              "teardown_date": "none",
              "tier": "high",
              "version": "0-1-0"
            },
            "timeouts": null,
            "version_template": [
              {
                "algorithm": "GOOGLE_SYMMETRIC_ENCRYPTION",
                "protection_level": "SOFTWARE"
              }
            ]
          },
          "sensitive_attributes": [],
          "identity_schema_version": 0,
          "private": "eyJlMmJmYjczMC1lY2FhLTExZTYtOGY4OC0zNDM2M2JjN2M0YzAiOnsiY3JlYXRlIjoxMjAwMDAwMDAwMDAwLCJkZWxldGUiOjEyMDAwMDAwMDAwMDAsInVwZGF0ZSI6MTIwMDAwMDAwMDAwMH0sInNjaGVtYV92ZXJzaW9uIjoiMSJ9",
          "dependencies": [
            "google_kms_key_ring.main",
            "google_project_service.services"
          ]
        }
      ]
    },
    {
      "mode": "managed",
      "type": "google_kms_crypto_key",
      "name": "state_key",
      "provider": "provider[\"registry.terraform.io/hashicorp/google\"]",
      "instances": [
        {
          "schema_version": 1,
          "attributes": {
            "crypto_key_backend": "",
            "destroy_scheduled_duration": "2592000s",
            "effective_labels": {
              "auto_delete": "false",
              "backup_strategy": "daily",
              "budget_owner": "akushnir-elevatediq-ai",
              "chargeback_unit": "ai-division",
              "compliance": "none",
              "component": "inference-engine",
              "cost_center": "ai-eng-001",
              "created_by": "akushnir-elevatediq-ai",
              "created_date": "2026-01-14",
              "environment": "development",
              "git_branch": "main",
              "git_repository": "github-com-kushin77-ollama",
              "goog-terraform-provisioned": "true",
              "lifecycle_state": "active",
              "managed_by": "terraform",
              "monitoring_enabled": "true",
              "monthly_budget_usd": "500",
              "product": "ollama",
              "project_code": "ollama-2026-001",
              "retention_days": "365",
              "stack": "python-3-11-fastapi",
              "team": "ai-infrastructure",
              "teardown_date": "none",
              "tier": "high",
              "version": "0-1-0"
            },
            "id": "projects/gcp-eiq/locations/us-central1/keyRings/gcp-eiq-keyring/cryptoKeys/tf-state-key",
            "import_only": false,
            "key_ring": "projects/gcp-eiq/locations/us-central1/keyRings/gcp-eiq-keyring",
            "labels": {
              "auto_delete": "false",
              "backup_strategy": "daily",
              "budget_owner": "akushnir-elevatediq-ai",
              "chargeback_unit": "ai-division",
              "compliance": "none",
              "component": "inference-engine",
              "cost_center": "ai-eng-001",
              "created_by": "akushnir-elevatediq-ai",
              "created_date": "2026-01-14",
              "environment": "development",
              "git_branch": "main",
              "git_repository": "github-com-kushin77-ollama",
              "lifecycle_state": "active",
              "managed_by": "terraform",
              "monitoring_enabled": "true",
              "monthly_budget_usd": "500",
              "product": "ollama",
              "project_code": "ollama-2026-001",
              "retention_days": "365",
              "stack": "python-3-11-fastapi",
              "team": "ai-infrastructure",
              "teardown_date": "none",
              "tier": "high",
              "version": "0-1-0"
            },
            "name": "tf-state-key",
            "primary": [
              {
                "name": "projects/gcp-eiq/locations/us-central1/keyRings/gcp-eiq-keyring/cryptoKeys/tf-state-key/cryptoKeyVersions/1",
                "state": "ENABLED"
              }
            ],
            "purpose": "ENCRYPT_DECRYPT",
            "rotation_period": "",
            "skip_initial_version_creation": false,
            "terraform_labels": {
              "auto_delete": "false",
              "backup_strategy": "daily",
              "budget_owner": "akushnir-elevatediq-ai",
              "chargeback_unit": "ai-division",
              "compliance": "none",
              "component": "inference-engine",
              "cost_center": "ai-eng-001",
              "created_by": "akushnir-elevatediq-ai",
              "created_date": "2026-01-14",
              "environment": "development",
              "git_branch": "main",
              "git_repository": "github-com-kushin77-ollama",
              "goog-terraform-provisioned": "true",
              "lifecycle_state": "active",
              "managed_by": "terraform",
              "monitoring_enabled": "true",
              "monthly_budget_usd": "500",
              "product": "ollama",
              "project_code": "ollama-2026-001",
              "retention_days": "365",
              "stack": "python-3-11-fastapi",
              "team": "ai-infrastructure",
              "teardown_date": "none",
              "tier": "high",
              "version": "0-1-0"
            },
            "timeouts": null,
            "version_template": [
              {
                "algorithm": "GOOGLE_SYMMETRIC_ENCRYPTION",
                "protection_level": "SOFTWARE"
              }
            ]
          },
          "sensitive_attributes": [],
          "identity_schema_version": 0,
          "private": "eyJlMmJmYjczMC1lY2FhLTExZTYtOGY4OC0zNDM2M2JjN2M0YzAiOnsiY3JlYXRlIjoxMjAwMDAwMDAwMDAwLCJkZWxldGUiOjEyMDAwMDAwMDAwMDAsInVwZGF0ZSI6MTIwMDAwMDAwMDAwMH0sInNjaGVtYV92ZXJzaW9uIjoiMSJ9",
          "dependencies": [
            "google_kms_key_ring.main",
            "google_project_service.services"
          ]
        }
      ]
    },
    {
      "mode": "managed",
      "type": "google_kms_crypto_key_iam_member",
      "name": "gcs_kms",
      "provider": "provider[\"registry.terraform.io/hashicorp/google\"]",
      "instances": [
        {
          "schema_version": 0,
          "attributes": {
            "condition": [],
            "crypto_key_id": "projects/gcp-eiq/locations/us-central1/keyRings/gcp-eiq-keyring/cryptoKeys/tf-state-key",
            "etag": "BwZInqYVRic=",
            "id": "projects/gcp-eiq/locations/us-central1/keyRings/gcp-eiq-keyring/cryptoKeys/tf-state-key/roles/cloudkms.cryptoKeyEncrypterDecrypter/serviceAccount:service-1025559705580@gs-project-accounts.iam.gserviceaccount.com",
            "member": "serviceAccount:service-1025559705580@gs-project-accounts.iam.gserviceaccount.com",
            "role": "roles/cloudkms.cryptoKeyEncrypterDecrypter"
          },
          "sensitive_attributes": [],
          "identity_schema_version": 0,
          "private": "bnVsbA==",
          "dependencies": [
            "data.google_storage_project_service_account.gcs_account",
            "google_kms_crypto_key.state_key",
            "google_kms_key_ring.main",
            "google_project_service.services"
          ]
        }
      ]
    },
    {
      "mode": "managed",
      "type": "google_kms_key_ring",
      "name": "main",
      "provider": "provider[\"registry.terraform.io/hashicorp/google\"]",
      "instances": [
        {
          "schema_version": 0,
          "attributes": {
            "id": "projects/gcp-eiq/locations/us-central1/keyRings/gcp-eiq-keyring",
            "location": "us-central1",
            "name": "gcp-eiq-keyring",
            "project": "gcp-eiq",
            "timeouts": null
          },
          "sensitive_attributes": [],
          "identity_schema_version": 0,
          "private": "eyJlMmJmYjczMC1lY2FhLTExZTYtOGY4OC0zNDM2M2JjN2M0YzAiOnsiY3JlYXRlIjoxMjAwMDAwMDAwMDAwLCJkZWxldGUiOjEyMDAwMDAwMDAwMDB9fQ==",
          "dependencies": [
            "google_project_service.services"
          ]
        }
      ]
    },
    {
      "mode": "managed",
      "type": "google_project_service",
      "name": "services",
      "provider": "provider[\"registry.terraform.io/hashicorp/google\"]",
      "instances": [
        {
          "index_key": "aiplatform.googleapis.com",
          "schema_version": 0,
          "attributes": {
            "disable_dependent_services": null,
            "disable_on_destroy": false,
            "id": "gcp-eiq/aiplatform.googleapis.com",
            "project": "gcp-eiq",
            "service": "aiplatform.googleapis.com",
            "timeouts": null
          },
          "sensitive_attributes": [],
          "identity_schema_version": 0,
          "private": "eyJlMmJmYjczMC1lY2FhLTExZTYtOGY4OC0zNDM2M2JjN2M0YzAiOnsiY3JlYXRlIjoxMjAwMDAwMDAwMDAwLCJkZWxldGUiOjEyMDAwMDAwMDAwMDAsInJlYWQiOjYwMDAwMDAwMDAwMCwidXBkYXRlIjoxMjAwMDAwMDAwMDAwfX0="
        },
        {
          "index_key": "artifactregistry.googleapis.com",
          "schema_version": 0,
          "attributes": {
            "disable_dependent_services": null,
            "disable_on_destroy": false,
            "id": "gcp-eiq/artifactregistry.googleapis.com",
            "project": "gcp-eiq",
            "service": "artifactregistry.googleapis.com",
            "timeouts": null
          },
          "sensitive_attributes": [],
          "identity_schema_version": 0,
          "private": "eyJlMmJmYjczMC1lY2FhLTExZTYtOGY4OC0zNDM2M2JjN2M0YzAiOnsiY3JlYXRlIjoxMjAwMDAwMDAwMDAwLCJkZWxldGUiOjEyMDAwMDAwMDAwMDAsInJlYWQiOjYwMDAwMDAwMDAwMCwidXBkYXRlIjoxMjAwMDAwMDAwMDAwfX0="
        },
        {
          "index_key": "cloudkms.googleapis.com",
          "schema_version": 0,
          "attributes": {
            "disable_dependent_services": null,
            "disable_on_destroy": false,
            "id": "gcp-eiq/cloudkms.googleapis.com",
            "project": "gcp-eiq",
            "service": "cloudkms.googleapis.com",
            "timeouts": null
          },
          "sensitive_attributes": [],
          "identity_schema_version": 0,
          "private": "eyJlMmJmYjczMC1lY2FhLTExZTYtOGY4OC0zNDM2M2JjN2M0YzAiOnsiY3JlYXRlIjoxMjAwMDAwMDAwMDAwLCJkZWxldGUiOjEyMDAwMDAwMDAwMDAsInJlYWQiOjYwMDAwMDAwMDAwMCwidXBkYXRlIjoxMjAwMDAwMDAwMDAwfX0="
        },
        {
          "index_key": "cloudresourcemanager.googleapis.com",
          "schema_version": 0,
          "attributes": {
            "disable_dependent_services": null,
            "disable_on_destroy": false,
            "id": "gcp-eiq/cloudresourcemanager.googleapis.com",
            "project": "gcp-eiq",
            "service": "cloudresourcemanager.googleapis.com",
            "timeouts": null
          },
          "sensitive_attributes": [],
          "identity_schema_version": 0,
          "private": "eyJlMmJmYjczMC1lY2FhLTExZTYtOGY4OC0zNDM2M2JjN2M0YzAiOnsiY3JlYXRlIjoxMjAwMDAwMDAwMDAwLCJkZWxldGUiOjEyMDAwMDAwMDAwMDAsInJlYWQiOjYwMDAwMDAwMDAwMCwidXBkYXRlIjoxMjAwMDAwMDAwMDAwfX0="
        },
        {
          "index_key": "compute.googleapis.com",
          "schema_version": 0,
          "attributes": {
            "disable_dependent_services": null,
            "disable_on_destroy": false,
            "id": "gcp-eiq/compute.googleapis.com",
            "project": "gcp-eiq",
            "service": "compute.googleapis.com",
            "timeouts": null
          },
          "sensitive_attributes": [],
          "identity_schema_version": 0,
          "private": "eyJlMmJmYjczMC1lY2FhLTExZTYtOGY4OC0zNDM2M2JjN2M0YzAiOnsiY3JlYXRlIjoxMjAwMDAwMDAwMDAwLCJkZWxldGUiOjEyMDAwMDAwMDAwMDAsInJlYWQiOjYwMDAwMDAwMDAwMCwidXBkYXRlIjoxMjAwMDAwMDAwMDAwfX0="
        },
        {
          "index_key": "container.googleapis.com",
          "schema_version": 0,
          "attributes": {
            "disable_dependent_services": null,
            "disable_on_destroy": false,
            "id": "gcp-eiq/container.googleapis.com",
            "project": "gcp-eiq",
            "service": "container.googleapis.com",
            "timeouts": null
          },
          "sensitive_attributes": [],
          "identity_schema_version": 0,
          "private": "eyJlMmJmYjczMC1lY2FhLTExZTYtOGY4OC0zNDM2M2JjN2M0YzAiOnsiY3JlYXRlIjoxMjAwMDAwMDAwMDAwLCJkZWxldGUiOjEyMDAwMDAwMDAwMDAsInJlYWQiOjYwMDAwMDAwMDAwMCwidXBkYXRlIjoxMjAwMDAwMDAwMDAwfX0="
        },
        {
          "index_key": "dlp.googleapis.com",
          "schema_version": 0,
          "attributes": {
            "disable_dependent_services": null,
            "disable_on_destroy": false,
            "id": "gcp-eiq/dlp.googleapis.com",
            "project": "gcp-eiq",
            "service": "dlp.googleapis.com",
            "timeouts": null
          },
          "sensitive_attributes": [],
          "identity_schema_version": 0,
          "private": "eyJlMmJmYjczMC1lY2FhLTExZTYtOGY4OC0zNDM2M2JjN2M0YzAiOnsiY3JlYXRlIjoxMjAwMDAwMDAwMDAwLCJkZWxldGUiOjEyMDAwMDAwMDAwMDAsInJlYWQiOjYwMDAwMDAwMDAwMCwidXBkYXRlIjoxMjAwMDAwMDAwMDAwfX0="
        },
        {
          "index_key": "iam.googleapis.com",
          "schema_version": 0,
          "attributes": {
            "disable_dependent_services": null,
            "disable_on_destroy": false,
            "id": "gcp-eiq/iam.googleapis.com",
            "project": "gcp-eiq",
            "service": "iam.googleapis.com",
            "timeouts": null
          },
          "sensitive_attributes": [],
          "identity_schema_version": 0,
          "private": "eyJlMmJmYjczMC1lY2FhLTExZTYtOGY4OC0zNDM2M2JjN2M0YzAiOnsiY3JlYXRlIjoxMjAwMDAwMDAwMDAwLCJkZWxldGUiOjEyMDAwMDAwMDAwMDAsInJlYWQiOjYwMDAwMDAwMDAwMCwidXBkYXRlIjoxMjAwMDAwMDAwMDAwfX0="
        },
        {
          "index_key": "run.googleapis.com",
          "schema_version": 0,
          "attributes": {
            "disable_dependent_services": null,
            "disable_on_destroy": false,
            "id": "gcp-eiq/run.googleapis.com",
            "project": "gcp-eiq",
            "service": "run.googleapis.com",
            "timeouts": null
          },
          "sensitive_attributes": [],
          "identity_schema_version": 0,
          "private": "eyJlMmJmYjczMC1lY2FhLTExZTYtOGY4OC0zNDM2M2JjN2M0YzAiOnsiY3JlYXRlIjoxMjAwMDAwMDAwMDAwLCJkZWxldGUiOjEyMDAwMDAwMDAwMDAsInJlYWQiOjYwMDAwMDAwMDAwMCwidXBkYXRlIjoxMjAwMDAwMDAwMDAwfX0="
        },
        {
          "index_key": "secretmanager.googleapis.com",
          "schema_version": 0,
          "attributes": {
            "disable_dependent_services": null,
            "disable_on_destroy": false,
            "id": "gcp-eiq/secretmanager.googleapis.com",
            "project": "gcp-eiq",
            "service": "secretmanager.googleapis.com",
            "timeouts": null
          },
          "sensitive_attributes": [],
          "identity_schema_version": 0,
          "private": "eyJlMmJmYjczMC1lY2FhLTExZTYtOGY4OC0zNDM2M2JjN2M0YzAiOnsiY3JlYXRlIjoxMjAwMDAwMDAwMDAwLCJkZWxldGUiOjEyMDAwMDAwMDAwMDAsInJlYWQiOjYwMDAwMDAwMDAwMCwidXBkYXRlIjoxMjAwMDAwMDAwMDAwfX0="
        },
        {
          "index_key": "vpcaccess.googleapis.com",
          "schema_version": 0,
          "attributes": {
            "disable_dependent_services": null,
            "disable_on_destroy": false,
            "id": "gcp-eiq/vpcaccess.googleapis.com",
            "project": "gcp-eiq",
            "service": "vpcaccess.googleapis.com",
            "timeouts": null
          },
          "sensitive_attributes": [],
          "identity_schema_version": 0,
          "private": "eyJlMmJmYjczMC1lY2FhLTExZTYtOGY4OC0zNDM2M2JjN2M0YzAiOnsiY3JlYXRlIjoxMjAwMDAwMDAwMDAwLCJkZWxldGUiOjEyMDAwMDAwMDAwMDAsInJlYWQiOjYwMDAwMDAwMDAwMCwidXBkYXRlIjoxMjAwMDAwMDAwMDAwfX0="
        }
      ]
    },
    {
      "mode": "managed",
      "type": "google_service_account",
      "name": "github_actions",
      "provider": "provider[\"registry.terraform.io/hashicorp/google\"]",
      "instances": [
        {
          "schema_version": 0,
          "attributes": {
            "account_id": "github-actions-lz-onboard",
            "create_ignore_already_exists": null,
            "description": "",
            "disabled": false,
            "display_name": "GitHub Actions Onboarding Service Account",
            "email": "github-actions-lz-onboard@gcp-eiq.iam.gserviceaccount.com",
            "id": "projects/gcp-eiq/serviceAccounts/github-actions-lz-onboard@gcp-eiq.iam.gserviceaccount.com",
            "member": "serviceAccount:github-actions-lz-onboard@gcp-eiq.iam.gserviceaccount.com",
            "name": "projects/gcp-eiq/serviceAccounts/github-actions-lz-onboard@gcp-eiq.iam.gserviceaccount.com",
            "project": "gcp-eiq",
            "timeouts": null,
            "unique_id": "101313890968970362658"
          },
          "sensitive_attributes": [],
          "identity_schema_version": 0,
          "private": "eyJlMmJmYjczMC1lY2FhLTExZTYtOGY4OC0zNDM2M2JjN2M0YzAiOnsiY3JlYXRlIjozMDAwMDAwMDAwMDB9fQ=="
        }
      ]
    },
    {
      "mode": "managed",
      "type": "google_service_account_iam_member",
      "name": "workload_identity_user",
      "provider": "provider[\"registry.terraform.io/hashicorp/google\"]",
      "instances": [
        {
          "schema_version": 0,
          "attributes": {
            "condition": [],
            "etag": "BwZInqZX13c=",
            "id": "projects/gcp-eiq/serviceAccounts/github-actions-lz-onboard@gcp-eiq.iam.gserviceaccount.com/roles/iam.workloadIdentityUser/principalSet://iam.googleapis.com/projects/1025559705580/locations/global/workloadIdentityPools/github-actions-pool-ollama/attribute.repository/kushin77/ollama",
            "member": "principalSet://iam.googleapis.com/projects/1025559705580/locations/global/workloadIdentityPools/github-actions-pool-ollama/attribute.repository/kushin77/ollama",
            "role": "roles/iam.workloadIdentityUser",
            "service_account_id": "projects/gcp-eiq/serviceAccounts/github-actions-lz-onboard@gcp-eiq.iam.gserviceaccount.com"
          },
          "sensitive_attributes": [],
          "identity_schema_version": 0,
          "private": "bnVsbA==",
          "dependencies": [
            "google_iam_workload_identity_pool.github_pool",
            "google_project_service.services",
            "google_service_account.github_actions"
          ]
        }
      ]
    },
    {
      "mode": "managed",
      "type": "google_storage_bucket",
      "name": "tf_state",
      "provider": "provider[\"registry.terraform.io/hashicorp/google\"]",
      "instances": [
        {
          "schema_version": 4,
          "attributes": {
            "autoclass": [],
            "cors": [],
            "custom_placement_config": [],
            "default_event_based_hold": false,
            "effective_labels": {
              "auto_delete": "false",
              "backup_strategy": "daily",
              "budget_owner": "akushnir-elevatediq-ai",
              "chargeback_unit": "ai-division",
              "compliance": "none",
              "component": "inference-engine",
              "cost_center": "ai-eng-001",
              "created_by": "akushnir-elevatediq-ai",
              "created_date": "2026-01-14",
              "environment": "development",
              "git_branch": "main",
              "git_repository": "github-com-kushin77-ollama",
              "goog-terraform-provisioned": "true",
              "lifecycle_state": "active",
              "managed_by": "terraform",
              "monitoring_enabled": "true",
              "monthly_budget_usd": "500",
              "product": "ollama",
              "project_code": "ollama-2026-001",
              "retention_days": "365",
              "stack": "python-3-11-fastapi",
              "team": "ai-infrastructure",
              "teardown_date": "none",
              "tier": "high",
              "version": "0-1-0"
            },
            "enable_object_retention": false,
            "encryption": [
              {
                "default_kms_key_name": "projects/gcp-eiq/locations/us-central1/keyRings/gcp-eiq-keyring/cryptoKeys/tf-state-key"
              }
            ],
            "force_destroy": false,
            "hierarchical_namespace": [
              {
                "enabled": false
              }
            ],
            "id": "gcp-eiq-tf-state",
            "ip_filter": [],
            "labels": {
              "auto_delete": "false",
              "backup_strategy": "daily",
              "budget_owner": "akushnir-elevatediq-ai",
              "chargeback_unit": "ai-division",
              "compliance": "none",
              "component": "inference-engine",
              "cost_center": "ai-eng-001",
              "created_by": "akushnir-elevatediq-ai",
              "created_date": "2026-01-14",
              "environment": "development",
              "git_branch": "main",
              "git_repository": "github-com-kushin77-ollama",
              "lifecycle_state": "active",
              "managed_by": "terraform",
              "monitoring_enabled": "true",
              "monthly_budget_usd": "500",
              "product": "ollama",
              "project_code": "ollama-2026-001",
              "retention_days": "365",
              "stack": "python-3-11-fastapi",
              "team": "ai-infrastructure",
              "teardown_date": "none",
              "tier": "high",
              "version": "0-1-0"
            },
            "lifecycle_rule": [],
            "location": "US-CENTRAL1",
            "logging": [],
            "name": "gcp-eiq-tf-state",
            "project": "gcp-eiq",
            "project_number": 1025559705580,
            "public_access_prevention": "inherited",
            "requester_pays": false,
            "retention_policy": [],
            "rpo": null,
            "self_link": "https://www.googleapis.com/storage/v1/b/gcp-eiq-tf-state",
            "soft_delete_policy": [
              {
                "effective_time": "2026-01-18T00:28:13.169Z",
                "retention_duration_seconds": 604800
              }
            ],
            "storage_class": "STANDARD",
            "terraform_labels": {
              "auto_delete": "false",
              "backup_strategy": "daily",
              "budget_owner": "akushnir-elevatediq-ai",
              "chargeback_unit": "ai-division",
              "compliance": "none",
              "component": "inference-engine",
              "cost_center": "ai-eng-001",
              "created_by": "akushnir-elevatediq-ai",
              "created_date": "2026-01-14",
              "environment": "development",
              "git_branch": "main",
              "git_repository": "github-com-kushin77-ollama",
              "goog-terraform-provisioned": "true",
              "lifecycle_state": "active",
              "managed_by": "terraform",
              "monitoring_enabled": "true",
              "monthly_budget_usd": "500",
              "product": "ollama",
              "project_code": "ollama-2026-001",
              "retention_days": "365",
              "stack": "python-3-11-fastapi",
              "team": "ai-infrastructure",
              "teardown_date": "none",
              "tier": "high",
              "version": "0-1-0"
            },
            "time_created": "2026-01-18T00:28:13.169Z",
            "timeouts": null,
            "uniform_bucket_level_access": true,
            "updated": "2026-01-18T00:28:13.169Z",
            "url": "gs://gcp-eiq-tf-state",
            "versioning": [
              {
                "enabled": true
              }
            ],
            "website": []
          },
          "sensitive_attributes": [],
          "identity_schema_version": 0,
          "private": "eyJlMmJmYjczMC1lY2FhLTExZTYtOGY4OC0zNDM2M2JjN2M0YzAiOnsiY3JlYXRlIjo2MDAwMDAwMDAwMDAsInJlYWQiOjI0MDAwMDAwMDAwMCwidXBkYXRlIjoyNDAwMDAwMDAwMDB9LCJzY2hlbWFfdmVyc2lvbiI6IjQifQ==",
          "dependencies": [
            "data.google_storage_project_service_account.gcs_account",
            "google_kms_crypto_key.state_key",
            "google_kms_crypto_key_iam_member.gcs_kms",
            "google_kms_key_ring.main",
            "google_project_service.services"
          ]
        }
      ]
    }
  ],
  "check_results": [
    {
      "object_kind": "var",
      "config_addr": "var.project_labels",
      "status": "pass",
      "objects": [
        {
          "object_addr": "var.project_labels",
          "status": "pass"
        }
      ]
    }
  ]
}
