{
  "version": 4,
  "terraform_version": "1.14.3",
  "serial": 9,
  "lineage": "a54052d0-af76-d722-a426-b5209a3b0158",
  "outputs": {
    "budget_id": {
      "value": "billingAccounts/0119B0-6AF18C-A12474/budgets/c1df56ea-8e0d-4226-ad8b-d9d857238eb0",
      "type": "string"
    },
    "dashboard_url": {
      "value": "https://console.cloud.google.com/monitoring/dashboards/custom/projects/1025559705580/dashboards/4cffe462-499f-47fb-801a-baf0d6421fa6?project=gcp-eiq",
      "type": "string"
    },
    "notification_channel_critical_id": {
      "value": "projects/gcp-eiq/notificationChannels/10133394974206147639",
      "type": "string"
    },
    "notification_channel_warning_id": {
      "value": "projects/gcp-eiq/notificationChannels/4910596104149433219",
      "type": "string"
    }
  },
  "resources": [
    {
      "mode": "data",
      "type": "google_billing_account",
      "name": "account",
      "provider": "provider[\"registry.terraform.io/hashicorp/google\"]",
      "instances": [
        {
          "schema_version": 0,
          "attributes": {
            "billing_account": "0119B0-6AF18C-A12474",
            "display_name": "My Billing Account",
            "id": "0119B0-6AF18C-A12474",
            "lookup_projects": true,
            "name": "billingAccounts/0119B0-6AF18C-A12474",
            "open": true,
            "project_ids": [
              "dev-app-001-prod",
              "gcp-eiq",
              "gcp-eiq-artifacts",
              "shared-cicd-001",
              "shared-data-001",
              "shared-identity-001",
              "shared-logging-001",
              "shared-monitoring-001",
              "shared-networking-001",
              "shared-security-001",
              "shared-vpc-host-prod-2663"
            ]
          },
          "sensitive_attributes": [],
          "identity_schema_version": 0
        }
      ]
    },
    {
      "mode": "managed",
      "type": "google_billing_budget",
      "name": "ollama_budget",
      "provider": "provider[\"registry.terraform.io/hashicorp/google\"]",
      "instances": [
        {
          "schema_version": 1,
          "attributes": {
            "all_updates_rule": [
              {
                "disable_default_iam_recipients": false,
                "enable_project_level_recipients": false,
                "monitoring_notification_channels": [
                  "projects/gcp-eiq/notificationChannels/4910596104149433219",
                  "projects/gcp-eiq/notificationChannels/10133394974206147639"
                ],
                "pubsub_topic": "",
                "schema_version": "1.0"
              }
            ],
            "amount": [
              {
                "last_period_amount": false,
                "specified_amount": [
                  {
                    "currency_code": "USD",
                    "nanos": 0,
                    "units": "100"
                  }
                ]
              }
            ],
            "billing_account": "0119B0-6AF18C-A12474",
            "budget_filter": [
              {
                "calendar_period": "MONTH",
                "credit_types": [],
                "credit_types_treatment": "INCLUDE_ALL_CREDITS",
                "custom_period": [],
                "labels": {},
                "projects": [
                  "projects/gcp-eiq"
                ],
                "resource_ancestors": [],
                "services": [],
                "subaccounts": []
              }
            ],
            "display_name": "ollama-production-budget-alerts",
            "id": "billingAccounts/0119B0-6AF18C-A12474/budgets/c1df56ea-8e0d-4226-ad8b-d9d857238eb0",
            "name": "c1df56ea-8e0d-4226-ad8b-d9d857238eb0",
            "ownership_scope": "",
            "threshold_rules": [
              {
                "spend_basis": "CURRENT_SPEND",
                "threshold_percent": 0.5
              },
              {
                "spend_basis": "CURRENT_SPEND",
                "threshold_percent": 0.8
              },
              {
                "spend_basis": "CURRENT_SPEND",
                "threshold_percent": 1
              }
            ],
            "timeouts": null
          },
          "sensitive_attributes": [],
          "identity_schema_version": 0,
          "private": "eyJlMmJmYjczMC1lY2FhLTExZTYtOGY4OC0zNDM2M2JjN2M0YzAiOnsiY3JlYXRlIjoxMjAwMDAwMDAwMDAwLCJkZWxldGUiOjEyMDAwMDAwMDAwMDAsInVwZGF0ZSI6MTIwMDAwMDAwMDAwMH0sInNjaGVtYV92ZXJzaW9uIjoiMSJ9",
          "dependencies": [
            "data.google_billing_account.account",
            "google_monitoring_notification_channel.budget_email",
            "google_monitoring_notification_channel.budget_email_critical"
          ]
        }
      ]
    },
    {
      "mode": "managed",
      "type": "google_monitoring_dashboard",
      "name": "budget_dashboard",
      "provider": "provider[\"registry.terraform.io/hashicorp/google\"]",
      "instances": [
        {
          "schema_version": 0,
          "attributes": {
            "dashboard_json": "{\"displayName\":\"Ollama Budget Dashboard - production\",\"etag\":\"028c25e78736622d6fa61a8fe0bb9b76\",\"mosaicLayout\":{\"columns\":12,\"tiles\":[{\"height\":4,\"widget\":{\"title\":\"Monthly Spend Forecast\",\"xyChart\":{\"dataSets\":[{\"plotType\":\"LINE\",\"targetAxis\":\"Y1\",\"timeSeriesQuery\":{\"timeSeriesFilter\":{\"aggregation\":{\"alignmentPeriod\":\"2592000s\"},\"filter\":\"metric.type=\\\"billing.googleapis.com/billing_account_aggregated_transaction_amount\\\"\"}}}]}},\"width\":6},{\"height\":4,\"widget\":{\"title\":\"Budget Utilization\",\"xyChart\":{\"dataSets\":[{\"plotType\":\"LINE\",\"targetAxis\":\"Y1\",\"timeSeriesQuery\":{\"timeSeriesFilter\":{\"filter\":\"resource.type=\\\"gce_instance\\\" AND metric.type=\\\"compute.googleapis.com/instance/cpu/utilization\\\"\"}}}]}},\"width\":6,\"xPos\":6}]},\"name\":\"projects/1025559705580/dashboards/4cffe462-499f-47fb-801a-baf0d6421fa6\"}",
            "id": "projects/1025559705580/dashboards/4cffe462-499f-47fb-801a-baf0d6421fa6",
            "project": "gcp-eiq",
            "timeouts": null
          },
          "sensitive_attributes": [],
          "identity_schema_version": 0,
          "private": "eyJlMmJmYjczMC1lY2FhLTExZTYtOGY4OC0zNDM2M2JjN2M0YzAiOnsiY3JlYXRlIjoyNDAwMDAwMDAwMDAsImRlbGV0ZSI6MjQwMDAwMDAwMDAwLCJ1cGRhdGUiOjI0MDAwMDAwMDAwMH19"
        }
      ]
    },
    {
      "mode": "managed",
      "type": "google_monitoring_notification_channel",
      "name": "budget_email",
      "provider": "provider[\"registry.terraform.io/hashicorp/google\"]",
      "instances": [
        {
          "schema_version": 0,
          "attributes": {
            "description": "",
            "display_name": "ollama-budget-warning-email",
            "enabled": true,
            "force_delete": false,
            "id": "projects/gcp-eiq/notificationChannels/4910596104149433219",
            "labels": {
              "email_address": "akushnir@elevatediq.ai"
            },
            "name": "projects/gcp-eiq/notificationChannels/4910596104149433219",
            "project": "gcp-eiq",
            "sensitive_labels": [],
            "timeouts": null,
            "type": "email",
            "user_labels": {},
            "verification_status": ""
          },
          "sensitive_attributes": [],
          "identity_schema_version": 0,
          "private": "eyJlMmJmYjczMC1lY2FhLTExZTYtOGY4OC0zNDM2M2JjN2M0YzAiOnsiY3JlYXRlIjoxMjAwMDAwMDAwMDAwLCJkZWxldGUiOjEyMDAwMDAwMDAwMDAsInVwZGF0ZSI6MTIwMDAwMDAwMDAwMH19"
        }
      ]
    },
    {
      "mode": "managed",
      "type": "google_monitoring_notification_channel",
      "name": "budget_email_critical",
      "provider": "provider[\"registry.terraform.io/hashicorp/google\"]",
      "instances": [
        {
          "schema_version": 0,
          "attributes": {
            "description": "",
            "display_name": "ollama-budget-critical-email",
            "enabled": true,
            "force_delete": false,
            "id": "projects/gcp-eiq/notificationChannels/10133394974206147639",
            "labels": {
              "email_address": "akushnir@elevatediq.ai"
            },
            "name": "projects/gcp-eiq/notificationChannels/10133394974206147639",
            "project": "gcp-eiq",
            "sensitive_labels": [],
            "timeouts": null,
            "type": "email",
            "user_labels": {},
            "verification_status": ""
          },
          "sensitive_attributes": [],
          "identity_schema_version": 0,
          "private": "eyJlMmJmYjczMC1lY2FhLTExZTYtOGY4OC0zNDM2M2JjN2M0YzAiOnsiY3JlYXRlIjoxMjAwMDAwMDAwMDAwLCJkZWxldGUiOjEyMDAwMDAwMDAwMDAsInVwZGF0ZSI6MTIwMDAwMDAwMDAwMH19"
        }
      ]
    }
  ],
  "check_results": [
    {
      "object_kind": "var",
      "config_addr": "var.budget_alert_email_critical",
      "status": "pass",
      "objects": [
        {
          "object_addr": "var.budget_alert_email_critical",
          "status": "pass"
        }
      ]
    },
    {
      "object_kind": "var",
      "config_addr": "var.environment",
      "status": "pass",
      "objects": [
        {
          "object_addr": "var.environment",
          "status": "pass"
        }
      ]
    },
    {
      "object_kind": "var",
      "config_addr": "var.monthly_budget_usd",
      "status": "pass",
      "objects": [
        {
          "object_addr": "var.monthly_budget_usd",
          "status": "pass"
        }
      ]
    },
    {
      "object_kind": "var",
      "config_addr": "var.budget_alert_email",
      "status": "pass",
      "objects": [
        {
          "object_addr": "var.budget_alert_email",
          "status": "pass"
        }
      ]
    }
  ]
}
